{ "name": "cypher-x-bot", "version": "1.0.0", "lockfileVersion": 3, "requires": true, "packages": { "": { "name": "cypher-x-bot", "version": "1.0.0", "license": "MIT", "dependencies": { "@whiskeysockets/baileys": "^6.7.4", "axios": "^1.6.8", "dotenv": "^16.3.1", "express": "^4.18.2", "express-session": "^1.17.3", "form-data": "^4.0.0", "gpt-3-encoder": "^1.1.4", "morgan": "^1.10.0", "node-fetch": "^2.6.7", "openai": "^4.30.0", "pino": "^8.17.0", "qrcode": "^1.5.3" } }, "node_modules/@cacheable/node-cache": { "version": "1.6.1", "resolved": "https://registry.npmjs.org/@cacheable/node-cache/-/node-cache-1.6.1.tgz", "integrity": "sha512-EhLZ7xC9RjzXK/0Hi64LtvEYp4ZPjVtt26eBXWEitE2M6yLAatwLhI6KJ8iWSkDb/2Q0BGe5nkwPcV4OuMjkJw==", "license": "MIT", "dependencies": { "cacheable": "^1.10.3", "hookified": "^1.10.0", "keyv": "^5.4.0" } }, "node_modules/@eslint-community/eslint-utils": { "version": "4.7.0", "resolved": "https://registry.npmjs.org/@eslint-community/eslint-utils/-/eslint-utils-4.7.0.tgz", "integrity": "sha512-dyybb3AcajC7uha6CvhdVRJqaKyn7w2YKqKyAN37NKYgZT36w+iRb0Dymmc5qEJ549c/S31cMMSFd75bteCpCw==", "license": "MIT", "dependencies": { "eslint-visitor-keys": "^3.4.3" }, "engines": { "node": "^12.22.0 || ^14.17.0 || >=16.0.0" }, "funding": { "url": "https://opencollective.com/eslint" }, "peerDependencies": { "eslint": "^6.0.0 || ^7.0.0 || >=8.0.0" } }, "node_modules/@eslint-community/regexpp": { "version": "4.12.1", "resolved": "https://registry.npmjs.org/@eslint-community/regexpp/-/regexpp-4.12.1.tgz", "integrity": "sha512-CCZCDJuduB9OUkFkY2IgppNZMi2lBQgD2qzwXkEia16cge2pijY/aXi96CJMquDMn3nJdlPV1A5KrJEXwfLNzQ==", "license": "MIT", "engines": { "node": "^12.0.0 || ^14.0.0 || >=16.0.0" } }, "node_modules/@eslint/config-array": { "version": "0.21.0", "resolved": "https://registry.npmjs.org/@eslint/config-array/-/config-array-0.21.0.tgz", "integrity": "sha512-ENIdc4iLu0d93HeYirvKmrzshzofPw6VkZRKQGe9Nv46ZnWUzcF1xV01dcvEg/1wXUR61OmmlSfyeyO7EvjLxQ==", "license": "Apache-2.0", "peer": true, "dependencies": { "@eslint/object-schema": "^2.1.6", "debug": "^4.3.1", "minimatch": "^3.1.2" }, "engines": { "node": "^18.18.0 || ^20.9.0 || >=21.1.0" } }, "node_modules/@eslint/config-array/node_modules/brace-expansion": { "version": "1.1.12", "resolved": "https://registry.npmjs.org/brace-expansion/-/brace-expansion-1.1.12.tgz", "integrity": "sha512-9T9UjW3r0UW5c1Q7GTwllptXwhvYmEzFhzMfZ9H7FQWt+uZePjZPjBP/W1ZEyZ1twGWom5/56TF4lPcqjnDHcg==", "license": "MIT", "peer": true, "dependencies": { "balanced-match": "^1.0.0", "concat-map": "0.0.1" } }, "node_modules/@eslint/config-array/node_modules/minimatch": { "version": "3.1.2", "resolved": "https://registry.npmjs.org/minimatch/-/minimatch-3.1.2.tgz", "integrity": "sha512-J7p63hRiAjw1NDEww1W7i37+ByIrOWO5XQQAzZ3VOcL0PNybwpfmV/N05zFAzwQ9USyEcX6t3UO+K5aqBQOIHw==", "license": "ISC", "peer": true, "dependencies": { "brace-expansion": "^1.1.7" }, "engines": { "node": "*" } }, "node_modules/@eslint/config-helpers": { "version": "0.3.0", "resolved": "https://registry.npmjs.org/@eslint/config-helpers/-/config-helpers-0.3.0.tgz", "integrity": "sha512-ViuymvFmcJi04qdZeDc2whTHryouGcDlaxPqarTD0ZE10ISpxGUVZGZDx4w01upyIynL3iu6IXH2bS1NhclQMw==", "license": "Apache-2.0", "peer": true, "engines": { "node": "^18.18.0 || ^20.9.0 || >=21.1.0" } }, "node_modules/@eslint/core": { "version": "0.15.1", "resolved": "https://registry.npmjs.org/@eslint/core/-/core-0.15.1.tgz", "integrity": "sha512-bkOp+iumZCCbt1K1CmWf0R9pM5yKpDv+ZXtvSyQpudrI9kuFLp+bM2WOPXImuD/ceQuaa8f5pj93Y7zyECIGNA==", "license": "Apache-2.0", "peer": true, "dependencies": { "@types/json-schema": "^7.0.15" }, "engines": { "node": "^18.18.0 || ^20.9.0 || >=21.1.0" } }, "node_modules/@eslint/eslintrc": { "version": "3.3.1", "resolved": "https://registry.npmjs.org/@eslint/eslintrc/-/eslintrc-3.3.1.tgz", "integrity": "sha512-gtF186CXhIl1p4pJNGZw8Yc6RlshoePRvE0X91oPGb3vZ8pM3qOS9W9NGPat9LziaBV7XrJWGylNQXkGcnM3IQ==", "license": "MIT", "peer": true, "dependencies": { "ajv": "^6.12.4", "debug": "^4.3.2", "espree": "^10.0.1", "globals": "^14.0.0", "ignore": "^5.2.0", "import-fresh": "^3.2.1", "js-yaml": "^4.1.0", "minimatch": "^3.1.2", "strip-json-comments": "^3.1.1" }, "engines": { "node": "^18.18.0 || ^20.9.0 || >=21.1.0" }, "funding": { "url": "https://opencollective.com/eslint" } }, "node_modules/@eslint/eslintrc/node_modules/brace-expansion": { "version": "1.1.12", "resolved": "https://registry.npmjs.org/brace-expansion/-/brace-expansion-1.1.12.tgz", "integrity": "sha512-9T9UjW3r0UW5c1Q7GTwllptXwhvYmEzFhzMfZ9H7FQWt+uZePjZPjBP/W1ZEyZ1twGWom5/56TF4lPcqjnDHcg==", "license": "MIT", "peer": true, "dependencies": { "balanced-match": "^1.0.0", "concat-map": "0.0.1" } }, "node_modules/@eslint/eslintrc/node_modules/ignore": { "version": "5.3.2", "resolved": "https://registry.npmjs.org/ignore/-/ignore-5.3.2.tgz", "integrity": "sha512-hsBTNUqQTDwkWtcdYI2i06Y/nUBEsNEDJKjWdigLvegy8kDuJAS8uRlpkkcQpyEXL0Z/pjDy5HBmMjRCJ2gq+g==", "license": "MIT", "peer": true, "engines": { "node": ">= 4" } }, "node_modules/@eslint/eslintrc/node_modules/minimatch": { "version": "3.1.2", "resolved": "https://registry.npmjs.org/minimatch/-/minimatch-3.1.2.tgz", "integrity": "sha512-J7p63hRiAjw1NDEww1W7i37+ByIrOWO5XQQAzZ3VOcL0PNybwpfmV/N05zFAzwQ9USyEcX6t3UO+K5aqBQOIHw==", "license": "ISC", "peer": true, "dependencies": { "brace-expansion": "^1.1.7" }, "engines": { "node": "*" } }, "node_modules/@eslint/js": { "version": "9.32.0", "resolved": "https://registry.npmjs.org/@eslint/js/-/js-9.32.0.tgz", "integrity": "sha512-BBpRFZK3eX6uMLKz8WxFOBIFFcGFJ/g8XuwjTHCqHROSIsopI+ddn/d5Cfh36+7+e5edVS8dbSHnBNhrLEX0zg==", "license": "MIT", "peer": true, "engines": { "node": "^18.18.0 || ^20.9.0 || >=21.1.0" }, "funding": { "url": "https://eslint.org/donate" } }, "node_modules/@eslint/object-schema": { "version": "2.1.6", "resolved": "https://registry.npmjs.org/@eslint/object-schema/-/object-schema-2.1.6.tgz", "integrity": "sha512-RBMg5FRL0I0gs51M/guSAj5/e14VQ4tpZnQNWwuDT66P14I43ItmPfIZRhO9fUVIPOAQXU47atlywZ/czoqFPA==", "license": "Apache-2.0", "peer": true, "engines": { "node": "^18.18.0 || ^20.9.0 || >=21.1.0" } }, "node_modules/@eslint/plugin-kit": { "version": "0.3.4", "resolved": "https://registry.npmjs.org/@eslint/plugin-kit/-/plugin-kit-0.3.4.tgz", "integrity": "sha512-Ul5l+lHEcw3L5+k8POx6r74mxEYKG5kOb6Xpy2gCRW6zweT6TEhAf8vhxGgjhqrd/VO/Dirhsb+1hNpD1ue9hw==", "license": "Apache-2.0", "peer": true, "dependencies": { "@eslint/core": "^0.15.1", "levn": "^0.4.1" }, "engines": { "node": "^18.18.0 || ^20.9.0 || >=21.1.0" } }, "node_modules/@hapi/boom": { "version": "9.1.4", "resolved": "https://registry.npmjs.org/@hapi/boom/-/boom-9.1.4.tgz", "integrity": "sha512-Ls1oH8jaN1vNsqcaHVYJrKmgMcKsC1wcp8bujvXrHaAqD2iDYq3HoOwsxwo09Cuda5R5nC0o0IxlrlTuvPuzSw==", "license": "BSD-3-Clause", "dependencies": { "@hapi/hoek": "9.x.x" } }, "node_modules/@hapi/hoek": { "version": "9.3.0", "resolved": "https://registry.npmjs.org/@hapi/hoek/-/hoek-9.3.0.tgz", "integrity": "sha512-/c6rf4UJlmHlC9b5BaNvzAcFv7HZ2QHaV0D4/HNlBdvFnvQq8RI4kYdhyPCl7Xj+oWvTWQ8ujhqS53LIgAe6KQ==", "license": "BSD-3-Clause" }, "node_modules/@humanfs/core": { "version": "0.19.1", "resolved": "https://registry.npmjs.org/@humanfs/core/-/core-0.19.1.tgz", "integrity": "sha512-5DyQ4+1JEUzejeK1JGICcideyfUbGixgS9jNgex5nqkW+cY7WZhxBigmieN5Qnw9ZosSNVC9KQKyb+GUaGyKUA==", "license": "Apache-2.0", "peer": true, "engines": { "node": ">=18.18.0" } }, "node_modules/@humanfs/node": { "version": "0.16.6", "resolved": "https://registry.npmjs.org/@humanfs/node/-/node-0.16.6.tgz", "integrity": "sha512-YuI2ZHQL78Q5HbhDiBA1X4LmYdXCKCMQIfw0pw7piHJwyREFebJUvrQN4cMssyES6x+vfUbx1CIpaQUKYdQZOw==", "license": "Apache-2.0", "peer": true, "dependencies": { "@humanfs/core": "^0.19.1", "@humanwhocodes/retry": "^0.3.0" }, "engines": { "node": ">=18.18.0" } }, "node_modules/@humanfs/node/node_modules/@humanwhocodes/retry": { "version": "0.3.1", "resolved": "https://registry.npmjs.org/@humanwhocodes/retry/-/retry-0.3.1.tgz", "integrity": "sha512-JBxkERygn7Bv/GbN5Rv8Ul6LVknS+5Bp6RgDC/O8gEBU/yeH5Ui5C/OlWrTb6qct7LjjfT6Re2NxB0ln0yYybA==", "license": "Apache-2.0", "peer": true, "engines": { "node": ">=18.18" }, "funding": { "type": "github", "url": "https://github.com/sponsors/nzakas" } }, "node_modules/@humanwhocodes/module-importer": { "version": "1.0.1", "resolved": "https://registry.npmjs.org/@humanwhocodes/module-importer/-/module-importer-1.0.1.tgz", "integrity": "sha512-bxveV4V8v5Yb4ncFTT3rPSgZBOpCkjfK0y4oVVVJwIuDVBRMDXrPyXRL988i5ap9m9bnyEEjWfm5WkBmtffLfA==", "license": "Apache-2.0", "peer": true, "engines": { "node": ">=12.22" }, "funding": { "type": "github", "url": "https://github.com/sponsors/nzakas" } }, "node_modules/@humanwhocodes/retry": { "version": "0.4.3", "resolved": "https://registry.npmjs.org/@humanwhocodes/retry/-/retry-0.4.3.tgz", "integrity": "sha512-bV0Tgo9K4hfPCek+aMAn81RppFKv2ySDQeMoSZuvTASywNTnVJCArCZE2FWqpvIatKu7VMRLWlR1EazvVhDyhQ==", "license": "Apache-2.0", "peer": true, "engines": { "node": ">=18.18" }, "funding": { "type": "github", "url": "https://github.com/sponsors/nzakas" } }, "node_modules/@keyv/serialize": { "version": "1.1.0", "resolved": "https://registry.npmjs.org/@keyv/serialize/-/serialize-1.1.0.tgz", "integrity": "sha512-RlDgexML7Z63Q8BSaqhXdCYNBy/JQnqYIwxofUrNLGCblOMHp+xux2Q8nLMLlPpgHQPoU0Do8Z6btCpRBEqZ8g==", "license": "MIT" }, "node_modules/@nodelib/fs.scandir": { "version": "2.1.5", "resolved": "https://registry.npmjs.org/@nodelib/fs.scandir/-/fs.scandir-2.1.5.tgz", "integrity": "sha512-vq24Bq3ym5HEQm2NKCr3yXDwjc7vTsEThRDnkp2DK9p1uqLR+DHurm/NOTo0KG7HYHU7eppKZj3MyqYuMBf62g==", "license": "MIT", "dependencies": { "@nodelib/fs.stat": "2.0.5", "run-parallel": "^1.1.9" }, "engines": { "node": ">= 8" } }, "node_modules/@nodelib/fs.stat": { "version": "2.0.5", "resolved": "https://registry.npmjs.org/@nodelib/fs.stat/-/fs.stat-2.0.5.tgz", "integrity": "sha512-RkhPPp2zrqDAQA/2jNhnztcPAlv64XdhIp7a7454A5ovI7Bukxgt7MX7udwAu3zg1DcpPU0rz3VV1SeaqvY4+A==", "license": "MIT", "engines": { "node": ">= 8" } }, "node_modules/@nodelib/fs.walk": { "version": "1.2.8", "resolved": "https://registry.npmjs.org/@nodelib/fs.walk/-/fs.walk-1.2.8.tgz", "integrity": "sha512-oGB+UxlgWcgQkgwo8GcEGwemoTFt3FIO9ababBmaGwXIoBKZ+GTy0pP185beGg7Llih/NSHSV2XAs1lnznocSg==", "license": "MIT", "dependencies": { "@nodelib/fs.scandir": "2.1.5", "fastq": "^1.6.0" }, "engines": { "node": ">= 8" } }, "node_modules/@protobufjs/aspromise": { "version": "1.1.2", "resolved": "https://registry.npmjs.org/@protobufjs/aspromise/-/aspromise-1.1.2.tgz", "integrity": "sha512-j+gKExEuLmKwvz3OgROXtrJ2UG2x8Ch2YZUxahh+s1F2HZ+wAceUNLkvy6zKCPVRkU++ZWQrdxsUeQXmcg4uoQ==", "license": "BSD-3-Clause" }, "node_modules/@protobufjs/base64": { "version": "1.1.2", "resolved": "https://registry.npmjs.org/@protobufjs/base64/-/base64-1.1.2.tgz", "integrity": "sha512-AZkcAA5vnN/v4PDqKyMR5lx7hZttPDgClv83E//FMNhR2TMcLUhfRUBHCmSl0oi9zMgDDqRUJkSxO3wm85+XLg==", "license": "BSD-3-Clause" }, "node_modules/@protobufjs/codegen": { "version": "2.0.4", "resolved": "https://registry.npmjs.org/@protobufjs/codegen/-/codegen-2.0.4.tgz", "integrity": "sha512-YyFaikqM5sH0ziFZCN3xDC7zeGaB/d0IUb9CATugHWbd1FRFwWwt4ld4OYMPWu5a3Xe01mGAULCdqhMlPl29Jg==", "license": "BSD-3-Clause" }, "node_modules/@protobufjs/eventemitter": { "version": "1.1.0", "resolved": "https://registry.npmjs.org/@protobufjs/eventemitter/-/eventemitter-1.1.0.tgz", "integrity": "sha512-j9ednRT81vYJ9OfVuXG6ERSTdEL1xVsNgqpkxMsbIabzSo3goCjDIveeGv5d03om39ML71RdmrGNjG5SReBP/Q==", "license": "BSD-3-Clause" }, "node_modules/@protobufjs/fetch": { "version": "1.1.0", "resolved": "https://registry.npmjs.org/@protobufjs/fetch/-/fetch-1.1.0.tgz", "integrity": "sha512-lljVXpqXebpsijW71PZaCYeIcE5on1w5DlQy5WH6GLbFryLUrBD4932W/E2BSpfRJWseIL4v/KPgBFxDOIdKpQ==", "license": "BSD-3-Clause", "dependencies": { "@protobufjs/aspromise": "^1.1.1", "@protobufjs/inquire": "^1.1.0" } }, "node_modules/@protobufjs/float": { "version": "1.0.2", "resolved": "https://registry.npmjs.org/@protobufjs/float/-/float-1.0.2.tgz", "integrity": "sha512-Ddb+kVXlXst9d+R9PfTIxh1EdNkgoRe5tOX6t01f1lYWOvJnSPDBlG241QLzcyPdoNTsblLUdujGSE4RzrTZGQ==", "license": "BSD-3-Clause" }, "node_modules/@protobufjs/inquire": { "version": "1.1.0", "resolved": "https://registry.npmjs.org/@protobufjs/inquire/-/inquire-1.1.0.tgz", "integrity": "sha512-kdSefcPdruJiFMVSbn801t4vFK7KB/5gd2fYvrxhuJYg8ILrmn9SKSX2tZdV6V+ksulWqS7aXjBcRXl3wHoD9Q==", "license": "BSD-3-Clause" }, "node_modules/@protobufjs/path": { "version": "1.1.2", "resolved": "https://registry.npmjs.org/@protobufjs/path/-/path-1.1.2.tgz", "integrity": "sha512-6JOcJ5Tm08dOHAbdR3GrvP+yUUfkjG5ePsHYczMFLq3ZmMkAD98cDgcT2iA1lJ9NVwFd4tH/iSSoe44YWkltEA==", "license": "BSD-3-Clause" }, "node_modules/@protobufjs/pool": { "version": "1.1.0", "resolved": "https://registry.npmjs.org/@protobufjs/pool/-/pool-1.1.0.tgz", "integrity": "sha512-0kELaGSIDBKvcgS4zkjz1PeddatrjYcmMWOlAuAPwAeccUrPHdUqo/J6LiymHHEiJT5NrF1UVwxY14f+fy4WQw==", "license": "BSD-3-Clause" }, "node_modules/@protobufjs/utf8": { "version": "1.1.0", "resolved": "https://registry.npmjs.org/@protobufjs/utf8/-/utf8-1.1.0.tgz", "integrity": "sha512-Vvn3zZrhQZkkBE8LSuW3em98c0FwgO4nxzv6OdSxPKJIEKY2bGbHn+mhGIPerzI4twdxaP8/0+06HBpwf345Lw==", "license": "BSD-3-Clause" }, "node_modules/@tokenizer/token": { "version": "0.3.0", "resolved": "https://registry.npmjs.org/@tokenizer/token/-/token-0.3.0.tgz", "integrity": "sha512-OvjF+z51L3ov0OyAU0duzsYuvO01PH7x4t6DJx+guahgTnBHkhJdG7soQeTSFLWN3efnHyibZ4Z8l2EuWwJN3A==", "license": "MIT" }, "node_modules/@types/estree": { "version": "1.0.8", "resolved": "https://registry.npmjs.org/@types/estree/-/estree-1.0.8.tgz", "integrity": "sha512-dWHzHa2WqEXI/O1E9OjrocMTKJl2mSrEolh1Iomrv6U+JuNwaHXsXx9bLu5gG7BUWFIN0skIQJQ/L1rIex4X6w==", "license": "MIT", "peer": true }, "node_modules/@types/json-schema": { "version": "7.0.15", "resolved": "https://registry.npmjs.org/@types/json-schema/-/json-schema-7.0.15.tgz", "integrity": "sha512-5+fP8P8MFNC+AyZCDxrB2pkZFPGzqQWUzpSeuuVLvm8VMcorNYavBqoFcxK8bQz4Qsbn4oUEEem4wDLfcysGHA==", "license": "MIT", "peer": true }, "node_modules/@types/long": { "version": "4.0.2", "resolved": "https://registry.npmjs.org/@types/long/-/long-4.0.2.tgz", "integrity": "sha512-MqTGEo5bj5t157U6fA/BiDynNkn0YknVdh48CMPkTSpFTVmvao5UQmm7uEF6xBEo7qIMAlY/JSleYaE6VOdpaA==", "license": "MIT" }, "node_modules/@types/node": { "version": "18.19.121", "resolved": "https://registry.npmjs.org/@types/node/-/node-18.19.121.tgz", "integrity": "sha512-bHOrbyztmyYIi4f1R0s17QsPs1uyyYnGcXeZoGEd227oZjry0q6XQBQxd82X1I57zEfwO8h9Xo+Kl5gX1d9MwQ==", "license": "MIT", "dependencies": { "undici-types": "~5.26.4" } }, "node_modules/@types/node-fetch": { "version": "2.6.13", "resolved": "https://registry.npmjs.org/@types/node-fetch/-/node-fetch-2.6.13.tgz", "integrity": "sha512-QGpRVpzSaUs30JBSGPjOg4Uveu384erbHBoT1zeONvyCfwQxIkUshLAOqN/k9EjGviPRmWTTe6aH2qySWKTVSw==", "license": "MIT", "dependencies": { "@types/node": "*", "form-data": "^4.0.4" } }, "node_modules/@typescript-eslint/eslint-plugin": { "version": "8.38.0", "resolved": "https://registry.npmjs.org/@typescript-eslint/eslint-plugin/-/eslint-plugin-8.38.0.tgz", "integrity": "sha512-CPoznzpuAnIOl4nhj4tRr4gIPj5AfKgkiJmGQDaq+fQnRJTYlcBjbX3wbciGmpoPf8DREufuPRe1tNMZnGdanA==", "license": "MIT", "dependencies": { "@eslint-community/regexpp": "^4.10.0", "@typescript-eslint/scope-manager": "8.38.0", "@typescript-eslint/type-utils": "8.38.0", "@typescript-eslint/utils": "8.38.0", "@typescript-eslint/visitor-keys": "8.38.0", "graphemer": "^1.4.0", "ignore": "^7.0.0", "natural-compare": "^1.4.0", "ts-api-utils": "^2.1.0" }, "engines": { "node": "^18.18.0 || ^20.9.0 || >=21.1.0" }, "funding": { "type": "opencollective", "url": "https://opencollective.com/typescript-eslint" }, "peerDependencies": { "@typescript-eslint/parser": "^8.38.0", "eslint": "^8.57.0 || ^9.0.0", "typescript": ">=4.8.4 <5.9.0" } }, "node_modules/@typescript-eslint/parser": { "version": "8.38.0", "resolved": "https://registry.npmjs.org/@typescript-eslint/parser/-/parser-8.38.0.tgz", "integrity": "sha512-Zhy8HCvBUEfBECzIl1PKqF4p11+d0aUJS1GeUiuqK9WmOug8YCmC4h4bjyBvMyAMI9sbRczmrYL5lKg/YMbrcQ==", "license": "MIT", "dependencies": { "@typescript-eslint/scope-manager": "8.38.0", "@typescript-eslint/types": "8.38.0", "@typescript-eslint/typescript-estree": "8.38.0", "@typescript-eslint/visitor-keys": "8.38.0", "debug": "^4.3.4" }, "engines": { "node": "^18.18.0 || ^20.9.0 || >=21.1.0" }, "funding": { "type": "opencollective", "url": "https://opencollective.com/typescript-eslint" }, "peerDependencies": { "eslint": "^8.57.0 || ^9.0.0", "typescript": ">=4.8.4 <5.9.0" } }, "node_modules/@typescript-eslint/project-service": { "version": "8.38.0", "resolved": "https://registry.npmjs.org/@typescript-eslint/project-service/-/project-service-8.38.0.tgz", "integrity": "sha512-dbK7Jvqcb8c9QfH01YB6pORpqX1mn5gDZc9n63Ak/+jD67oWXn3Gs0M6vddAN+eDXBCS5EmNWzbSxsn9SzFWWg==", "license": "MIT", "dependencies": { "@typescript-eslint/tsconfig-utils": "^8.38.0", "@typescript-eslint/types": "^8.38.0", "debug": "^4.3.4" }, "engines": { "node": "^18.18.0 || ^20.9.0 || >=21.1.0" }, "funding": { "type": "opencollective", "url": "https://opencollective.com/typescript-eslint" }, "peerDependencies": { "typescript": ">=4.8.4 <5.9.0" } }, "node_modules/@typescript-eslint/scope-manager": { "version": "8.38.0", "resolved": "https://registry.npmjs.org/@typescript-eslint/scope-manager/-/scope-manager-8.38.0.tgz", "integrity": "sha512-WJw3AVlFFcdT9Ri1xs/lg8LwDqgekWXWhH3iAF+1ZM+QPd7oxQ6jvtW/JPwzAScxitILUIFs0/AnQ/UWHzbATQ==", "license": "MIT", "dependencies": { "@typescript-eslint/types": "8.38.0", "@typescript-eslint/visitor-keys": "8.38.0" }, "engines": { "node": "^18.18.0 || ^20.9.0 || >=21.1.0" }, "funding": { "type": "opencollective", "url": "https://opencollective.com/typescript-eslint" } }, "node_modules/@typescript-eslint/tsconfig-utils": { "version": "8.38.0", "resolved": "https://registry.npmjs.org/@typescript-eslint/tsconfig-utils/-/tsconfig-utils-8.38.0.tgz", "integrity": "sha512-Lum9RtSE3EroKk/bYns+sPOodqb2Fv50XOl/gMviMKNvanETUuUcC9ObRbzrJ4VSd2JalPqgSAavwrPiPvnAiQ==", "license": "MIT", "engines": { "node": "^18.18.0 || ^20.9.0 || >=21.1.0" }, "funding": { "type": "opencollective", "url": "https://opencollective.com/typescript-eslint" }, "peerDependencies": { "typescript": ">=4.8.4 <5.9.0" } }, "node_modules/@typescript-eslint/type-utils": { "version": "8.38.0", "resolved": "https://registry.npmjs.org/@typescript-eslint/type-utils/-/type-utils-8.38.0.tgz", "integrity": "sha512-c7jAvGEZVf0ao2z+nnz8BUaHZD09Agbh+DY7qvBQqLiz8uJzRgVPj5YvOh8I8uEiH8oIUGIfHzMwUcGVco/SJg==", "license": "MIT", "dependencies": { "@typescript-eslint/types": "8.38.0", "@typescript-eslint/typescript-estree": "8.38.0", "@typescript-eslint/utils": "8.38.0", "debug": "^4.3.4", "ts-api-utils": "^2.1.0" }, "engines": { "node": "^18.18.0 || ^20.9.0 || >=21.1.0" }, "funding": { "type": "opencollective", "url": "https://opencollective.com/typescript-eslint" }, "peerDependencies": { "eslint": "^8.57.0 || ^9.0.0", "typescript": ">=4.8.4 <5.9.0" } }, "node_modules/@typescript-eslint/types": { "version": "8.38.0", "resolved": "https://registry.npmjs.org/@typescript-eslint/types/-/types-8.38.0.tgz", "integrity": "sha512-wzkUfX3plUqij4YwWaJyqhiPE5UCRVlFpKn1oCRn2O1bJ592XxWJj8ROQ3JD5MYXLORW84063z3tZTb/cs4Tyw==", "license": "MIT", "engines": { "node": "^18.18.0 || ^20.9.0 || >=21.1.0" }, "funding": { "type": "opencollective", "url": "https://opencollective.com/typescript-eslint" } }, "node_modules/@typescript-eslint/typescript-estree": { "version": "8.38.0", "resolved": "https://registry.npmjs.org/@typescript-eslint/typescript-estree/-/typescript-estree-8.38.0.tgz", "integrity": "sha512-fooELKcAKzxux6fA6pxOflpNS0jc+nOQEEOipXFNjSlBS6fqrJOVY/whSn70SScHrcJ2LDsxWrneFoWYSVfqhQ==", "license": "MIT", "dependencies": { "@typescript-eslint/project-service": "8.38.0", "@typescript-eslint/tsconfig-utils": "8.38.0
